// !$*UTF8*$!
{
	archiveVersion = 1;
	classes = {
	};
	objectVersion = 56;
	objects = {

/* Begin PBXBuildFile section */
		6C3F96992A02D0BE007FFF85 /* ContentViewPage.swift in Sources */ = {isa = PBXBuildFile; fileRef = 6C3F96982A02D0BE007FFF85 /* ContentViewPage.swift */; };
		6C8B0F192A01DE3300E29FF5 /* TipCalculatorTDDApp.swift in Sources */ = {isa = PBXBuildFile; fileRef = 6C8B0F182A01DE3300E29FF5 /* TipCalculatorTDDApp.swift */; };
		6C8B0F1B2A01DE3300E29FF5 /* ContentView.swift in Sources */ = {isa = PBXBuildFile; fileRef = 6C8B0F1A2A01DE3300E29FF5 /* ContentView.swift */; };
		6C8B0F1D2A01DE3500E29FF5 /* Assets.xcassets in Resources */ = {isa = PBXBuildFile; fileRef = 6C8B0F1C2A01DE3500E29FF5 /* Assets.xcassets */; };
		6C8B0F202A01DE3500E29FF5 /* Preview Assets.xcassets in Resources */ = {isa = PBXBuildFile; fileRef = 6C8B0F1F2A01DE3500E29FF5 /* Preview Assets.xcassets */; };
		6C8B0F2D2A01FC6800E29FF5 /* TipCalculatorUnitTests.swift in Sources */ = {isa = PBXBuildFile; fileRef = 6C8B0F2C2A01FC6800E29FF5 /* TipCalculatorUnitTests.swift */; };
		6C8B0F352A01FE6500E29FF5 /* TipCalculator.swift in Sources */ = {isa = PBXBuildFile; fileRef = 6C8B0F342A01FE6500E29FF5 /* TipCalculator.swift */; };
		6C8B0F362A01FE8600E29FF5 /* TipCalculator.swift in Sources */ = {isa = PBXBuildFile; fileRef = 6C8B0F342A01FE6500E29FF5 /* TipCalculator.swift */; };
		6C8B0F3E2A02056900E29FF5 /* TipCalculatorUITests.swift in Sources */ = {isa = PBXBuildFile; fileRef = 6C8B0F3D2A02056900E29FF5 /* TipCalculatorUITests.swift */; };
		6C8B0F402A02056900E29FF5 /* TipCalculatorUITestsLaunchTests.swift in Sources */ = {isa = PBXBuildFile; fileRef = 6C8B0F3F2A02056900E29FF5 /* TipCalculatorUITestsLaunchTests.swift */; };
/* End PBXBuildFile section */

/* Begin PBXContainerItemProxy section */
		6C8B0F2E2A01FC6800E29FF5 /* PBXContainerItemProxy */ = {
			isa = PBXContainerItemProxy;
			containerPortal = 6C8B0F0D2A01DE3300E29FF5 /* Project object */;
			proxyType = 1;
			remoteGlobalIDString = 6C8B0F142A01DE3300E29FF5;
			remoteInfo = TipCalculatorTDD;
		};
		6C8B0F412A02056900E29FF5 /* PBXContainerItemProxy */ = {
			isa = PBXContainerItemProxy;
			containerPortal = 6C8B0F0D2A01DE3300E29FF5 /* Project object */;
			proxyType = 1;
			remoteGlobalIDString = 6C8B0F142A01DE3300E29FF5;
			remoteInfo = TipCalculatorTDD;
		};
/* End PBXContainerItemProxy section */

/* Begin PBXFileReference section */
		6C3F96982A02D0BE007FFF85 /* ContentViewPage.swift */ = {isa = PBXFileReference; lastKnownFileType = sourcecode.swift; path = ContentViewPage.swift; sourceTree = "<group>"; };
		6C8B0F152A01DE3300E29FF5 /* TipCalculatorTDD.app */ = {isa = PBXFileReference; explicitFileType = wrapper.application; includeInIndex = 0; path = TipCalculatorTDD.app; sourceTree = BUILT_PRODUCTS_DIR; };
		6C8B0F182A01DE3300E29FF5 /* TipCalculatorTDDApp.swift */ = {isa = PBXFileReference; lastKnownFileType = sourcecode.swift; path = TipCalculatorTDDApp.swift; sourceTree = "<group>"; };
		6C8B0F1A2A01DE3300E29FF5 /* ContentView.swift */ = {isa = PBXFileReference; lastKnownFileType = sourcecode.swift; path = ContentView.swift; sourceTree = "<group>"; };
		6C8B0F1C2A01DE3500E29FF5 /* Assets.xcassets */ = {isa = PBXFileReference; lastKnownFileType = folder.assetcatalog; path = Assets.xcassets; sourceTree = "<group>"; };
		6C8B0F1F2A01DE3500E29FF5 /* Preview Assets.xcassets */ = {isa = PBXFileReference; lastKnownFileType = folder.assetcatalog; path = "Preview Assets.xcassets"; sourceTree = "<group>"; };
		6C8B0F2A2A01FC6700E29FF5 /* TipCalculatorUnitTests.xctest */ = {isa = PBXFileReference; explicitFileType = wrapper.cfbundle; includeInIndex = 0; path = TipCalculatorUnitTests.xctest; sourceTree = BUILT_PRODUCTS_DIR; };
		6C8B0F2C2A01FC6800E29FF5 /* TipCalculatorUnitTests.swift */ = {isa = PBXFileReference; lastKnownFileType = sourcecode.swift; path = TipCalculatorUnitTests.swift; sourceTree = "<group>"; };
		6C8B0F342A01FE6500E29FF5 /* TipCalculator.swift */ = {isa = PBXFileReference; lastKnownFileType = sourcecode.swift; path = TipCalculator.swift; sourceTree = "<group>"; };
		6C8B0F3B2A02056900E29FF5 /* TipCalculatorUITests.xctest */ = {isa = PBXFileReference; explicitFileType = wrapper.cfbundle; includeInIndex = 0; path = TipCalculatorUITests.xctest; sourceTree = BUILT_PRODUCTS_DIR; };
		6C8B0F3D2A02056900E29FF5 /* TipCalculatorUITests.swift */ = {isa = PBXFileReference; lastKnownFileType = sourcecode.swift; path = TipCalculatorUITests.swift; sourceTree = "<group>"; };
		6C8B0F3F2A02056900E29FF5 /* TipCalculatorUITestsLaunchTests.swift */ = {isa = PBXFileReference; lastKnownFileType = sourcecode.swift; path = TipCalculatorUITestsLaunchTests.swift; sourceTree = "<group>"; };
/* End PBXFileReference section */

/* Begin PBXFrameworksBuildPhase section */
		6C8B0F122A01DE3300E29FF5 /* Frameworks */ = {
			isa = PBXFrameworksBuildPhase;
			buildActionMask = 2147483647;
			files = (
			);
			runOnlyForDeploymentPostprocessing = 0;
		};
		6C8B0F272A01FC6700E29FF5 /* Frameworks */ = {
			isa = PBXFrameworksBuildPhase;
			buildActionMask = 2147483647;
			files = (
			);
			runOnlyForDeploymentPostprocessing = 0;
		};
		6C8B0F382A02056900E29FF5 /* Frameworks */ = {
			isa = PBXFrameworksBuildPhase;
			buildActionMask = 2147483647;
			files = (
			);
			runOnlyForDeploymentPostprocessing = 0;
		};
/* End PBXFrameworksBuildPhase section */

/* Begin PBXGroup section */
		6C3F96972A02D0A9007FFF85 /* Page Objects */ = {
			isa = PBXGroup;
			children = (
				6C3F96982A02D0BE007FFF85 /* ContentViewPage.swift */,
			);
			path = "Page Objects";
			sourceTree = "<group>";
		};
		6C8B0F0C2A01DE3300E29FF5 = {
			isa = PBXGroup;
			children = (
				6C8B0F172A01DE3300E29FF5 /* TipCalculatorTDD */,
				6C8B0F2B2A01FC6800E29FF5 /* TipCalculatorUnitTests */,
				6C8B0F3C2A02056900E29FF5 /* TipCalculatorUITests */,
				6C8B0F162A01DE3300E29FF5 /* Products */,
			);
			sourceTree = "<group>";
		};
		6C8B0F162A01DE3300E29FF5 /* Products */ = {
			isa = PBXGroup;
			children = (
				6C8B0F152A01DE3300E29FF5 /* TipCalculatorTDD.app */,
				6C8B0F2A2A01FC6700E29FF5 /* TipCalculatorUnitTests.xctest */,
				6C8B0F3B2A02056900E29FF5 /* TipCalculatorUITests.xctest */,
			);
			name = Products;
			sourceTree = "<group>";
		};
		6C8B0F172A01DE3300E29FF5 /* TipCalculatorTDD */ = {
			isa = PBXGroup;
			children = (
				6C8B0F332A01FE5D00E29FF5 /* Models */,
				6C8B0F182A01DE3300E29FF5 /* TipCalculatorTDDApp.swift */,
				6C8B0F1A2A01DE3300E29FF5 /* ContentView.swift */,
				6C8B0F1C2A01DE3500E29FF5 /* Assets.xcassets */,
				6C8B0F1E2A01DE3500E29FF5 /* Preview Content */,
			);
			path = TipCalculatorTDD;
			sourceTree = "<group>";
		};
		6C8B0F1E2A01DE3500E29FF5 /* Preview Content */ = {
			isa = PBXGroup;
			children = (
				6C8B0F1F2A01DE3500E29FF5 /* Preview Assets.xcassets */,
			);
			path = "Preview Content";
			sourceTree = "<group>";
		};
		6C8B0F2B2A01FC6800E29FF5 /* TipCalculatorUnitTests */ = {
			isa = PBXGroup;
			children = (
				6C8B0F2C2A01FC6800E29FF5 /* TipCalculatorUnitTests.swift */,
			);
			path = TipCalculatorUnitTests;
			sourceTree = "<group>";
		};
		6C8B0F332A01FE5D00E29FF5 /* Models */ = {
			isa = PBXGroup;
			children = (
				6C8B0F342A01FE6500E29FF5 /* TipCalculator.swift */,
			);
			path = Models;
			sourceTree = "<group>";
		};
		6C8B0F3C2A02056900E29FF5 /* TipCalculatorUITests */ = {
			isa = PBXGroup;
			children = (
				6C3F96972A02D0A9007FFF85 /* Page Objects */,
				6C8B0F3D2A02056900E29FF5 /* TipCalculatorUITests.swift */,
				6C8B0F3F2A02056900E29FF5 /* TipCalculatorUITestsLaunchTests.swift */,
			);
			path = TipCalculatorUITests;
			sourceTree = "<group>";
		};
/* End PBXGroup section */

/* Begin PBXNativeTarget section */
		6C8B0F142A01DE3300E29FF5 /* TipCalculatorTDD */ = {
			isa = PBXNativeTarget;
			buildConfigurationList = 6C8B0F232A01DE3500E29FF5 /* Build configuration list for PBXNativeTarget "TipCalculatorTDD" */;
			buildPhases = (
				6C8B0F112A01DE3300E29FF5 /* Sources */,
				6C8B0F122A01DE3300E29FF5 /* Frameworks */,
				6C8B0F132A01DE3300E29FF5 /* Resources */,
			);
			buildRules = (
			);
			dependencies = (
			);
			name = TipCalculatorTDD;
			productName = TipCalculatorTDD;
			productReference = 6C8B0F152A01DE3300E29FF5 /* TipCalculatorTDD.app */;
			productType = "com.apple.product-type.application";
		};
		6C8B0F292A01FC6700E29FF5 /* TipCalculatorUnitTests */ = {
			isa = PBXNativeTarget;
			buildConfigurationList = 6C8B0F302A01FC6800E29FF5 /* Build configuration list for PBXNativeTarget "TipCalculatorUnitTests" */;
			buildPhases = (
				6C8B0F262A01FC6700E29FF5 /* Sources */,
				6C8B0F272A01FC6700E29FF5 /* Frameworks */,
				6C8B0F282A01FC6700E29FF5 /* Resources */,
			);
			buildRules = (
			);
			dependencies = (
				6C8B0F2F2A01FC6800E29FF5 /* PBXTargetDependency */,
			);
			name = TipCalculatorUnitTests;
			productName = TipCalculatorUnitTests;
			productReference = 6C8B0F2A2A01FC6700E29FF5 /* TipCalculatorUnitTests.xctest */;
			productType = "com.apple.product-type.bundle.unit-test";
		};
		6C8B0F3A2A02056900E29FF5 /* TipCalculatorUITests */ = {
			isa = PBXNativeTarget;
			buildConfigurationList = 6C8B0F432A02056900E29FF5 /* Build configuration list for PBXNativeTarget "TipCalculatorUITests" */;
			buildPhases = (
				6C8B0F372A02056900E29FF5 /* Sources */,
				6C8B0F382A02056900E29FF5 /* Frameworks */,
				6C8B0F392A02056900E29FF5 /* Resources */,
			);
			buildRules = (
			);
			dependencies = (
				6C8B0F422A02056900E29FF5 /* PBXTargetDependency */,
			);
			name = TipCalculatorUITests;
			productName = TipCalculatorUITests;
			productReference = 6C8B0F3B2A02056900E29FF5 /* TipCalculatorUITests.xctest */;
			productType = "com.apple.product-type.bundle.ui-testing";
		};
/* End PBXNativeTarget section */

/* Begin PBXProject section */
		6C8B0F0D2A01DE3300E29FF5 /* Project object */ = {
			isa = PBXProject;
			attributes = {
				BuildIndependentTargetsInParallel = 1;
				LastSwiftUpdateCheck = 1430;
				LastUpgradeCheck = 1430;
				TargetAttributes = {
					6C8B0F142A01DE3300E29FF5 = {
						CreatedOnToolsVersion = 14.3;
					};
					6C8B0F292A01FC6700E29FF5 = {
						CreatedOnToolsVersion = 14.3;
						TestTargetID = 6C8B0F142A01DE3300E29FF5;
					};
					6C8B0F3A2A02056900E29FF5 = {
						CreatedOnToolsVersion = 14.3;
						TestTargetID = 6C8B0F142A01DE3300E29FF5;
					};
				};
			};
			buildConfigurationList = 6C8B0F102A01DE3300E29FF5 /* Build configuration list for PBXProject "TipCalculatorTDD" */;
			compatibilityVersion = "Xcode 14.0";
			developmentRegion = en;
			hasScannedForEncodings = 0;
			knownRegions = (
				en,
				Base,
			);
			mainGroup = 6C8B0F0C2A01DE3300E29FF5;
			productRefGroup = 6C8B0F162A01DE3300E29FF5 /* Products */;
			projectDirPath = "";
			projectRoot = "";
			targets = (
				6C8B0F142A01DE3300E29FF5 /* TipCalculatorTDD */,
				6C8B0F292A01FC6700E29FF5 /* TipCalculatorUnitTests */,
				6C8B0F3A2A02056900E29FF5 /* TipCalculatorUITests */,
			);
		};
/* End PBXProject section */

/* Begin PBXResourcesBuildPhase section */
		6C8B0F132A01DE3300E29FF5 /* Resources */ = {
			isa = PBXResourcesBuildPhase;
			buildActionMask = 2147483647;
			files = (
				6C8B0F202A01DE3500E29FF5 /* Preview Assets.xcassets in Resources */,
				6C8B0F1D2A01DE3500E29FF5 /* Assets.xcassets in Resources */,
			);
			runOnlyForDeploymentPostprocessing = 0;
		};
		6C8B0F282A01FC6700E29FF5 /* Resources */ = {
			isa = PBXResourcesBuildPhase;
			buildActionMask = 2147483647;
			files = (
			);
			runOnlyForDeploymentPostprocessing = 0;
		};
		6C8B0F392A02056900E29FF5 /* Resources */ = {
			isa = PBXResourcesBuildPhase;
			buildActionMask = 2147483647;
			files = (
			);
			runOnlyForDeploymentPostprocessing = 0;
		};
/* End PBXResourcesBuildPhase section */

/* Begin PBXSourcesBuildPhase section */
		6C8B0F112A01DE3300E29FF5 /* Sources */ = {
			isa = PBXSourcesBuildPhase;
			buildActionMask = 2147483647;
			files = (
				6C8B0F352A01FE6500E29FF5 /* TipCalculator.swift in Sources */,
				6C8B0F1B2A01DE3300E29FF5 /* ContentView.swift in Sources */,
				6C8B0F192A01DE3300E29FF5 /* TipCalculatorTDDApp.swift in Sources */,
			);
			runOnlyForDeploymentPostprocessing = 0;
		};
		6C8B0F262A01FC6700E29FF5 /* Sources */ = {
			isa = PBXSourcesBuildPhase;
			buildActionMask = 2147483647;
			files = (
				6C8B0F2D2A01FC6800E29FF5 /* TipCalculatorUnitTests.swift in Sources */,
				6C8B0F362A01FE8600E29FF5 /* TipCalculator.swift in Sources */,
			);
			runOnlyForDeploymentPostprocessing = 0;
		};
		6C8B0F372A02056900E29FF5 /* Sources */ = {
			isa = PBXSourcesBuildPhase;
			buildActionMask = 2147483647;
			files = (
				6C3F96992A02D0BE007FFF85 /* ContentViewPage.swift in Sources */,
				6C8B0F402A02056900E29FF5 /* TipCalculatorUITestsLaunchTests.swift in Sources */,
				6C8B0F3E2A02056900E29FF5 /* TipCalculatorUITests.swift in Sources */,
			);
			runOnlyForDeploymentPostprocessing = 0;
		};
/* End PBXSourcesBuildPhase section */

/* Begin PBXTargetDependency section */
		6C8B0F2F2A01FC6800E29FF5 /* PBXTargetDependency */ = {
			isa = PBXTargetDependency;
			target = 6C8B0F142A01DE3300E29FF5 /* TipCalculatorTDD */;
			targetProxy = 6C8B0F2E2A01FC6800E29FF5 /* PBXContainerItemProxy */;
		};
		6C8B0F422A02056900E29FF5 /* PBXTargetDependency */ = {
			isa = PBXTargetDependency;
			target = 6C8B0F142A01DE3300E29FF5 /* TipCalculatorTDD */;
			targetProxy = 6C8B0F412A02056900E29FF5 /* PBXContainerItemProxy */;
		};
/* End PBXTargetDependency section */

/* Begin XCBuildConfiguration section */
		6C8B0F212A01DE3500E29FF5 /* Debug */ = {
			isa = XCBuildConfiguration;
			buildSettings = {
				ALWAYS_SEARCH_USER_PATHS = NO;
				CLANG_ANALYZER_NONNULL = YES;
				CLANG_ANALYZER_NUMBER_OBJECT_CONVERSION = YES_AGGRESSIVE;
				CLANG_CXX_LANGUAGE_STANDARD = "gnu++20";
				CLANG_ENABLE_MODULES = YES;
				CLANG_ENABLE_OBJC_ARC = YES;
				CLANG_ENABLE_OBJC_WEAK = YES;
				CLANG_WARN_BLOCK_CAPTURE_AUTORELEASING = YES;
				CLANG_WARN_BOOL_CONVERSION = YES;
				CLANG_WARN_COMMA = YES;
				CLANG_WARN_CONSTANT_CONVERSION = YES;
				CLANG_WARN_DEPRECATED_OBJC_IMPLEMENTATIONS = YES;
				CLANG_WARN_DIRECT_OBJC_ISA_USAGE = YES_ERROR;
				CLANG_WARN_DOCUMENTATION_COMMENTS = YES;
				CLANG_WARN_EMPTY_BODY = YES;
				CLANG_WARN_ENUM_CONVERSION = YES;
				CLANG_WARN_INFINITE_RECURSION = YES;
				CLANG_WARN_INT_CONVERSION = YES;
				CLANG_WARN_NON_LITERAL_NULL_CONVERSION = YES;
				CLANG_WARN_OBJC_IMPLICIT_RETAIN_SELF = YES;
				CLANG_WARN_OBJC_LITERAL_CONVERSION = YES;
				CLANG_WARN_OBJC_ROOT_CLASS = YES_ERROR;
				CLANG_WARN_QUOTED_INCLUDE_IN_FRAMEWORK_HEADER = YES;
				CLANG_WARN_RANGE_LOOP_ANALYSIS = YES;
				CLANG_WARN_STRICT_PROTOTYPES = YES;
				CLANG_WARN_SUSPICIOUS_MOVE = YES;
				CLANG_WARN_UNGUARDED_AVAILABILITY = YES_AGGRESSIVE;
				CLANG_WARN_UNREACHABLE_CODE = YES;
				CLANG_WARN__DUPLICATE_METHOD_MATCH = YES;
				COPY_PHASE_STRIP = NO;
				DEBUG_INFORMATION_FORMAT = dwarf;
				ENABLE_STRICT_OBJC_MSGSEND = YES;
				ENABLE_TESTABILITY = YES;
				GCC_C_LANGUAGE_STANDARD = gnu11;
				GCC_DYNAMIC_NO_PIC = NO;
				GCC_NO_COMMON_BLOCKS = YES;
				GCC_OPTIMIZATION_LEVEL = 0;
				GCC_PREPROCESSOR_DEFINITIONS = (
					"DEBUG=1",
					"$(inherited)",
				);
				GCC_WARN_64_TO_32_BIT_CONVERSION = YES;
				GCC_WARN_ABOUT_RETURN_TYPE = YES_ERROR;
				GCC_WARN_UNDECLARED_SELECTOR = YES;
				GCC_WARN_UNINITIALIZED_AUTOS = YES_AGGRESSIVE;
				GCC_WARN_UNUSED_FUNCTION = YES;
				GCC_WARN_UNUSED_VARIABLE = YES;
				IPHONEOS_DEPLOYMENT_TARGET = 16.4;
				MTL_ENABLE_DEBUG_INFO = INCLUDE_SOURCE;
				MTL_FAST_MATH = YES;
				ONLY_ACTIVE_ARCH = YES;
				SDKROOT = iphoneos;
				SWIFT_ACTIVE_COMPILATION_CONDITIONS = DEBUG;
				SWIFT_OPTIMIZATION_LEVEL = "-Onone";
			};
			name = Debug;
		};
		6C8B0F222A01DE3500E29FF5 /* Release */ = {
			isa = XCBuildConfiguration;
			buildSettings = {
				ALWAYS_SEARCH_USER_PATHS = NO;
				CLANG_ANALYZER_NONNULL = YES;
				CLANG_ANALYZER_NUMBER_OBJECT_CONVERSION = YES_AGGRESSIVE;
				CLANG_CXX_LANGUAGE_STANDARD = "gnu++20";
				CLANG_ENABLE_MODULES = YES;
				CLANG_ENABLE_OBJC_ARC = YES;
				CLANG_ENABLE_OBJC_WEAK = YES;
				CLANG_WARN_BLOCK_CAPTURE_AUTORELEASING = YES;
				CLANG_WARN_BOOL_CONVERSION = YES;
				CLANG_WARN_COMMA = YES;
				CLANG_WARN_CONSTANT_CONVERSION = YES;
				CLANG_WARN_DEPRECATED_OBJC_IMPLEMENTATIONS = YES;
				CLANG_WARN_DIRECT_OBJC_ISA_USAGE = YES_ERROR;
				CLANG_WARN_DOCUMENTATION_COMMENTS = YES;
				CLANG_WARN_EMPTY_BODY = YES;
				CLANG_WARN_ENUM_CONVERSION = YES;
				CLANG_WARN_INFINITE_RECURSION = YES;
				CLANG_WARN_INT_CONVERSION = YES;
				CLANG_WARN_NON_LITERAL_NULL_CONVERSION = YES;
				CLANG_WARN_OBJC_IMPLICIT_RETAIN_SELF = YES;
				CLANG_WARN_OBJC_LITERAL_CONVERSION = YES;
				CLANG_WARN_OBJC_ROOT_CLASS = YES_ERROR;
				CLANG_WARN_QUOTED_INCLUDE_IN_FRAMEWORK_HEADER = YES;
				CLANG_WARN_RANGE_LOOP_ANALYSIS = YES;
				CLANG_WARN_STRICT_PROTOTYPES = YES;
				CLANG_WARN_SUSPICIOUS_MOVE = YES;
				CLANG_WARN_UNGUARDED_AVAILABILITY = YES_AGGRESSIVE;
				CLANG_WARN_UNREACHABLE_CODE = YES;
				CLANG_WARN__DUPLICATE_METHOD_MATCH = YES;
				COPY_PHASE_STRIP = NO;
				DEBUG_INFORMATION_FORMAT = "dwarf-with-dsym";
				ENABLE_NS_ASSERTIONS = NO;
				ENABLE_STRICT_OBJC_MSGSEND = YES;
				GCC_C_LANGUAGE_STANDARD = gnu11;
				GCC_NO_COMMON_BLOCKS = YES;
				GCC_WARN_64_TO_32_BIT_CONVERSION = YES;
				GCC_WARN_ABOUT_RETURN_TYPE = YES_ERROR;
				GCC_WARN_UNDECLARED_SELECTOR = YES;
				GCC_WARN_UNINITIALIZED_AUTOS = YES_AGGRESSIVE;
				GCC_WARN_UNUSED_FUNCTION = YES;
				GCC_WARN_UNUSED_VARIABLE = YES;
				IPHONEOS_DEPLOYMENT_TARGET = 16.4;
				MTL_ENABLE_DEBUG_INFO = NO;
				MTL_FAST_MATH = YES;
				SDKROOT = iphoneos;
				SWIFT_COMPILATION_MODE = wholemodule;
				SWIFT_OPTIMIZATION_LEVEL = "-O";
				VALIDATE_PRODUCT = YES;
			};
			name = Release;
		};
		6C8B0F242A01DE3500E29FF5 /* Debug */ = {
			isa = XCBuildConfiguration;
			buildSettings = {
				ASSETCATALOG_COMPILER_APPICON_NAME = AppIcon;
				ASSETCATALOG_COMPILER_GLOBAL_ACCENT_COLOR_NAME = AccentColor;
				CODE_SIGN_STYLE = Automatic;
				CURRENT_PROJECT_VERSION = 1;
				DEVELOPMENT_ASSET_PATHS = "\"TipCalculatorTDD/Preview Content\"";
				DEVELOPMENT_TEAM = 28Z45T22J2;
				ENABLE_PREVIEWS = YES;
				GENERATE_INFOPLIST_FILE = YES;
				INFOPLIST_KEY_UIApplicationSceneManifest_Generation = YES;
				INFOPLIST_KEY_UIApplicationSupportsIndirectInputEvents = YES;
				INFOPLIST_KEY_UILaunchScreen_Generation = YES;
				INFOPLIST_KEY_UISupportedInterfaceOrientations_iPad = "UIInterfaceOrientationPortrait UIInterfaceOrientationPortraitUpsideDown UIInterfaceOrientationLandscapeLeft UIInterfaceOrientationLandscapeRight";
				INFOPLIST_KEY_UISupportedInterfaceOrientations_iPhone = "UIInterfaceOrientationPortrait UIInterfaceOrientationLandscapeLeft UIInterfaceOrientationLandscapeRight";
				LD_RUNPATH_SEARCH_PATHS = (
					"$(inherited)",
					"@executable_path/Frameworks",
				);
				MARKETING_VERSION = 1.0;
				PRODUCT_BUNDLE_IDENTIFIER = com.rotadevsolutions.TipCalculatorTDD;
				PRODUCT_NAME = "$(TARGET_NAME)";
				SWIFT_EMIT_LOC_STRINGS = YES;
				SWIFT_VERSION = 5.0;
				TARGETED_DEVICE_FAMILY = "1,2";
			};
			name = Debug;
		};
		6C8B0F252A01DE3500E29FF5 /* Release */ = {
			isa = XCBuildConfiguration;
			buildSettings = {
				ASSETCATALOG_COMPILER_APPICON_NAME = AppIcon;
				ASSETCATALOG_COMPILER_GLOBAL_ACCENT_COLOR_NAME = AccentColor;
				CODE_SIGN_STYLE = Automatic;
				CURRENT_PROJECT_VERSION = 1;
				DEVELOPMENT_ASSET_PATHS = "\"TipCalculatorTDD/Preview Content\"";
				DEVELOPMENT_TEAM = 28Z45T22J2;
				ENABLE_PREVIEWS = YES;
				GENERATE_INFOPLIST_FILE = YES;
				INFOPLIST_KEY_UIApplicationSceneManifest_Generation = YES;
				INFOPLIST_KEY_UIApplicationSupportsIndirectInputEvents = YES;
				INFOPLIST_KEY_UILaunchScreen_Generation = YES;
				INFOPLIST_KEY_UISupportedInterfaceOrientations_iPad = "UIInterfaceOrientationPortrait UIInterfaceOrientationPortraitUpsideDown UIInterfaceOrientationLandscapeLeft UIInterfaceOrientationLandscapeRight";
				INFOPLIST_KEY_UISupportedInterfaceOrientations_iPhone = "UIInterfaceOrientationPortrait UIInterfaceOrientationLandscapeLeft UIInterfaceOrientationLandscapeRight";
				LD_RUNPATH_SEARCH_PATHS = (
					"$(inherited)",
					"@executable_path/Frameworks",
				);
				MARKETING_VERSION = 1.0;
				PRODUCT_BUNDLE_IDENTIFIER = com.rotadevsolutions.TipCalculatorTDD;
				PRODUCT_NAME = "$(TARGET_NAME)";
				SWIFT_EMIT_LOC_STRINGS = YES;
				SWIFT_VERSION = 5.0;
				TARGETED_DEVICE_FAMILY = "1,2";
			};
			name = Release;
		};
		6C8B0F312A01FC6800E29FF5 /* Debug */ = {
			isa = XCBuildConfiguration;
			buildSettings = {
				BUNDLE_LOADER = "$(TEST_HOST)";
				CODE_SIGN_STYLE = Automatic;
				CURRENT_PROJECT_VERSION = 1;
				DEVELOPMENT_TEAM = 28Z45T22J2;
				GENERATE_INFOPLIST_FILE = YES;
				MARKETING_VERSION = 1.0;
				PRODUCT_BUNDLE_IDENTIFIER = com.rotadevsolutions.TipCalculatorUnitTests;
				PRODUCT_NAME = "$(TARGET_NAME)";
				SWIFT_EMIT_LOC_STRINGS = NO;
				SWIFT_VERSION = 5.0;
				TARGETED_DEVICE_FAMILY = "1,2";
				TEST_HOST = "$(BUILT_PRODUCTS_DIR)/TipCalculatorTDD.app/$(BUNDLE_EXECUTABLE_FOLDER_PATH)/TipCalculatorTDD";
			};
			name = Debug;
		};
		6C8B0F322A01FC6800E29FF5 /* Release */ = {
			isa = XCBuildConfiguration;
			buildSettings = {
				BUNDLE_LOADER = "$(TEST_HOST)";
				CODE_SIGN_STYLE = Automatic;
				CURRENT_PROJECT_VERSION = 1;
				DEVELOPMENT_TEAM = 28Z45T22J2;
				GENERATE_INFOPLIST_FILE = YES;
				MARKETING_VERSION = 1.0;
				PRODUCT_BUNDLE_IDENTIFIER = com.rotadevsolutions.TipCalculatorUnitTests;
				PRODUCT_NAME = "$(TARGET_NAME)";
				SWIFT_EMIT_LOC_STRINGS = NO;
				SWIFT_VERSION = 5.0;
				TARGETED_DEVICE_FAMILY = "1,2";
				TEST_HOST = "$(BUILT_PRODUCTS_DIR)/TipCalculatorTDD.app/$(BUNDLE_EXECUTABLE_FOLDER_PATH)/TipCalculatorTDD";
			};
			name = Release;
		};
		6C8B0F442A02056900E29FF5 /* Debug */ = {
			isa = XCBuildConfiguration;
			buildSettings = {
				CODE_SIGN_STYLE = Automatic;
				CURRENT_PROJECT_VERSION = 1;
				DEVELOPMENT_TEAM = 28Z45T22J2;
				GENERATE_INFOPLIST_FILE = YES;
				MARKETING_VERSION = 1.0;
				PRODUCT_BUNDLE_IDENTIFIER = com.rotadevsolutions.TipCalculatorUITests;
				PRODUCT_NAME = "$(TARGET_NAME)";
				SWIFT_EMIT_LOC_STRINGS = NO;
				SWIFT_VERSION = 5.0;
				TARGETED_DEVICE_FAMILY = "1,2";
				TEST_TARGET_NAME = TipCalculatorTDD;
			};
			name = Debug;
		};
		6C8B0F452A02056900E29FF5 /* Release */ = {
			isa = XCBuildConfiguration;
			buildSettings = {
				CODE_SIGN_STYLE = Automatic;
				CURRENT_PROJECT_VERSION = 1;
				DEVELOPMENT_TEAM = 28Z45T22J2;
				GENERATE_INFOPLIST_FILE = YES;
				MARKETING_VERSION = 1.0;
				PRODUCT_BUNDLE_IDENTIFIER = com.rotadevsolutions.TipCalculatorUITests;
				PRODUCT_NAME = "$(TARGET_NAME)";
				SWIFT_EMIT_LOC_STRINGS = NO;
				SWIFT_VERSION = 5.0;
				TARGETED_DEVICE_FAMILY = "1,2";
				TEST_TARGET_NAME = TipCalculatorTDD;
			};
			name = Release;
		};
/* End XCBuildConfiguration section */

/* Begin XCConfigurationList section */
		6C8B0F102A01DE3300E29FF5 /* Build configuration list for PBXProject "TipCalculatorTDD" */ = {
			isa = XCConfigurationList;
			buildConfigurations = (
				6C8B0F212A01DE3500E29FF5 /* Debug */,
				6C8B0F222A01DE3500E29FF5 /* Release */,
			);
			defaultConfigurationIsVisible = 0;
			defaultConfigurationName = Release;
		};
		6C8B0F232A01DE3500E29FF5 /* Build configuration list for PBXNativeTarget "TipCalculatorTDD" */ = {
			isa = XCConfigurationList;
			buildConfigurations = (
				6C8B0F242A01DE3500E29FF5 /* Debug */,
				6C8B0F252A01DE3500E29FF5 /* Release */,
			);
			defaultConfigurationIsVisible = 0;
			defaultConfigurationName = Release;
		};
		6C8B0F302A01FC6800E29FF5 /* Build configuration list for PBXNativeTarget "TipCalculatorUnitTests" */ = {
			isa = XCConfigurationList;
			buildConfigurations = (
				6C8B0F312A01FC6800E29FF5 /* Debug */,
				6C8B0F322A01FC6800E29FF5 /* Release */,
			);
			defaultConfigurationIsVisible = 0;
			defaultConfigurationName = Release;
		};
		6C8B0F432A02056900E29FF5 /* Build configuration list for PBXNativeTarget "TipCalculatorUITests" */ = {
			isa = XCConfigurationList;
			buildConfigurations = (
				6C8B0F442A02056900E29FF5 /* Debug */,
				6C8B0F452A02056900E29FF5 /* Release */,
			);
			defaultConfigurationIsVisible = 0;
			defaultConfigurationName = Release;
		};
/* End XCConfigurationList section */
	};
	rootObject = 6C8B0F0D2A01DE3300E29FF5 /* Project object */;
}
